{
  "name": "private-scope",
  "version": "1.0.0",
  "lockfileVersion": 1,
  "requires": true,
  "dependencies": {
    "@privscope/priv-package": {
      "version": "1.0.1",
      "resolved": "http://devfu-registry.flowbyte.net/@privscope%2fpriv-package/-/priv-package-1.0.1.tgz",
      "integrity": "sha512-r/q7qWerSuDxCzKZR5fUVIeHKOv1U9oJROvccJsqDLlPpuPSwDVanr2eS1yKTw+XjSv0n+/L4hORS27a39CT7Q=="
    },
    "jquery": {
      "version": "2.2.4",
      "resolved": "https://registry.npmjs.org/jquery/-/jquery-2.2.4.tgz",
      "integrity": "sha1-LInWiJterFIqfuoywUUhVZxsvwI="
    }
  }
}
